
Microsoft Visual Studio Solution File, Format Version 12.00
# Visual Studio Version 16
VisualStudioVersion = 16.0.29709.97
MinimumVisualStudioVersion = 10.0.40219.1
Project("{FAE04EC0-301F-11D3-BF4B-00C04F79EFBC}") = "ProximaT", "ProximaT\ProximaT.csproj", "{35484DA6-461B-4FA3-BE0B-472F7BF752B8}"
EndProject
Global
	GlobalSection(SolutionConfigurationPlatforms) = preSolution
		Debug|Any CPU = Debug|Any CPU
		Release|Any CPU = Release|Any CPU
	EndGlobalSection
	GlobalSection(ProjectConfigurationPlatforms) = postSolution
		{35484DA6-461B-4FA3-BE0B-472F7BF752B8}.Debug|Any CPU.ActiveCfg = Debug|Any CPU
		{35484DA6-461B-4FA3-BE0B-472F7BF752B8}.Debug|Any CPU.Build.0 = Debug|Any CPU
		{35484DA6-461B-4FA3-BE0B-472F7BF752B8}.Release|Any CPU.ActiveCfg = Release|Any CPU
		{35484DA6-461B-4FA3-BE0B-472F7BF752B8}.Release|Any CPU.Build.0 = Release|Any CPU
	EndGlobalSection
	GlobalSection(SolutionProperties) = preSolution
		HideSolutionNode = FALSE
	EndGlobalSection
	GlobalSection(ExtensibilityGlobals) = postSolution
		SolutionGuid = {C6D5EEEC-41EC-4183-99E4-16A33EFD55F1}
	EndGlobalSection
EndGlobal
